
Microsoft Visual Studio Solution File, Format Version 12.00
# Visual Studio Version 16
VisualStudioVersion = 16.0.29920.165
MinimumVisualStudioVersion = 10.0.40219.1
Project("{FAE04EC0-301F-11D3-BF4B-00C04F79EFBC}") = "S2_ProjFinal_DS", "S2_ProjFinal_DS\S2_ProjFinal_DS.csproj", "{8AEE4A39-A35B-423F-B8D6-BF552C05AAA9}"
EndProject
Global
	GlobalSection(SolutionConfigurationPlatforms) = preSolution
		Debug|Any CPU = Debug|Any CPU
		Release|Any CPU = Release|Any CPU
	EndGlobalSection
	GlobalSection(ProjectConfigurationPlatforms) = postSolution
		{8AEE4A39-A35B-423F-B8D6-BF552C05AAA9}.Debug|Any CPU.ActiveCfg = Debug|Any CPU
		{8AEE4A39-A35B-423F-B8D6-BF552C05AAA9}.Debug|Any CPU.Build.0 = Debug|Any CPU
		{8AEE4A39-A35B-423F-B8D6-BF552C05AAA9}.Release|Any CPU.ActiveCfg = Release|Any CPU
		{8AEE4A39-A35B-423F-B8D6-BF552C05AAA9}.Release|Any CPU.Build.0 = Release|Any CPU
	EndGlobalSection
	GlobalSection(SolutionProperties) = preSolution
		HideSolutionNode = FALSE
	EndGlobalSection
	GlobalSection(ExtensibilityGlobals) = postSolution
		SolutionGuid = {86E5573C-B952-44A8-B5AC-90A304C43E36}
	EndGlobalSection
EndGlobal
